
Microsoft Visual Studio Solution File, Format Version 12.00
# Visual Studio Version 17
VisualStudioVersion = 17.4.33205.214
MinimumVisualStudioVersion = 10.0.40219.1
Project("{FAE04EC0-301F-11D3-BF4B-00C04F79EFBC}") = "ipcalc", "ipcalc.csproj", "{38E68109-3448-40A5-B69D-08B1D352DA11}"
EndProject
Global
	GlobalSection(SolutionConfigurationPlatforms) = preSolution
		Debug|Any CPU = Debug|Any CPU
		Release|Any CPU = Release|Any CPU
	EndGlobalSection
	GlobalSection(ProjectConfigurationPlatforms) = postSolution
		{38E68109-3448-40A5-B69D-08B1D352DA11}.Debug|Any CPU.ActiveCfg = Debug|Any CPU
		{38E68109-3448-40A5-B69D-08B1D352DA11}.Debug|Any CPU.Build.0 = Debug|Any CPU
		{38E68109-3448-40A5-B69D-08B1D352DA11}.Release|Any CPU.ActiveCfg = Release|Any CPU
		{38E68109-3448-40A5-B69D-08B1D352DA11}.Release|Any CPU.Build.0 = Release|Any CPU
	EndGlobalSection
	GlobalSection(SolutionProperties) = preSolution
		HideSolutionNode = FALSE
	EndGlobalSection
	GlobalSection(ExtensibilityGlobals) = postSolution
		SolutionGuid = {17C60D09-6E81-46A3-A04F-716C8D52DF41}
	EndGlobalSection
EndGlobal
